// !$*UTF8*$!
{
	archiveVersion = 1;
	classes = {
	};
	objectVersion = 56;
	objects = {

/* Begin PBXBuildFile section */
		3DCBA7002C680BDD0071ABC7 /* AppDelegate.swift in Sources */ = {isa = PBXBuildFile; fileRef = 3DCBA6FF2C680BDD0071ABC7 /* AppDelegate.swift */; };
		3DCBA7022C680BDD0071ABC7 /* SceneDelegate.swift in Sources */ = {isa = PBXBuildFile; fileRef = 3DCBA7012C680BDD0071ABC7 /* SceneDelegate.swift */; };
		3DCBA7042C680BDD0071ABC7 /* ViewController.swift in Sources */ = {isa = PBXBuildFile; fileRef = 3DCBA7032C680BDD0071ABC7 /* ViewController.swift */; };
		3DCBA7072C680BDD0071ABC7 /* Base in Resources */ = {isa = PBXBuildFile; fileRef = 3DCBA7062C680BDD0071ABC7 /* Base */; };
		3DCBA70A2C680BDD0071ABC7 /* NotesTho.xcdatamodeld in Sources */ = {isa = PBXBuildFile; fileRef = 3DCBA7082C680BDD0071ABC7 /* NotesTho.xcdatamodeld */; };
		3DCBA70C2C680BDE0071ABC7 /* Assets.xcassets in Resources */ = {isa = PBXBuildFile; fileRef = 3DCBA70B2C680BDE0071ABC7 /* Assets.xcassets */; };
		3DCBA70F2C680BDE0071ABC7 /* Base in Resources */ = {isa = PBXBuildFile; fileRef = 3DCBA70E2C680BDE0071ABC7 /* Base */; };
		3DCBA71A2C680BDE0071ABC7 /* NotesThoTests.swift in Sources */ = {isa = PBXBuildFile; fileRef = 3DCBA7192C680BDE0071ABC7 /* NotesThoTests.swift */; };
		3DCBA7242C680BDE0071ABC7 /* NotesThoUITests.swift in Sources */ = {isa = PBXBuildFile; fileRef = 3DCBA7232C680BDE0071ABC7 /* NotesThoUITests.swift */; };
		3DCBA7262C680BDE0071ABC7 /* NotesThoUITestsLaunchTests.swift in Sources */ = {isa = PBXBuildFile; fileRef = 3DCBA7252C680BDE0071ABC7 /* NotesThoUITestsLaunchTests.swift */; };
/* End PBXBuildFile section */

/* Begin PBXContainerItemProxy section */
		3DCBA7162C680BDE0071ABC7 /* PBXContainerItemProxy */ = {
			isa = PBXContainerItemProxy;
			containerPortal = 3DCBA6F42C680BDC0071ABC7 /* Project object */;
			proxyType = 1;
			remoteGlobalIDString = 3DCBA6FB2C680BDD0071ABC7;
			remoteInfo = NotesTho;
		};
		3DCBA7202C680BDE0071ABC7 /* PBXContainerItemProxy */ = {
			isa = PBXContainerItemProxy;
			containerPortal = 3DCBA6F42C680BDC0071ABC7 /* Project object */;
			proxyType = 1;
			remoteGlobalIDString = 3DCBA6FB2C680BDD0071ABC7;
			remoteInfo = NotesTho;
		};
/* End PBXContainerItemProxy section */

/* Begin PBXFileReference section */
		3DCBA6FC2C680BDD0071ABC7 /* NotesTho.app */ = {isa = PBXFileReference; explicitFileType = wrapper.application; includeInIndex = 0; path = NotesTho.app; sourceTree = BUILT_PRODUCTS_DIR; };
		3DCBA6FF2C680BDD0071ABC7 /* AppDelegate.swift */ = {isa = PBXFileReference; lastKnownFileType = sourcecode.swift; path = AppDelegate.swift; sourceTree = "<group>"; };
		3DCBA7012C680BDD0071ABC7 /* SceneDelegate.swift */ = {isa = PBXFileReference; lastKnownFileType = sourcecode.swift; path = SceneDelegate.swift; sourceTree = "<group>"; };
		3DCBA7032C680BDD0071ABC7 /* ViewController.swift */ = {isa = PBXFileReference; lastKnownFileType = sourcecode.swift; path = ViewController.swift; sourceTree = "<group>"; };
		3DCBA7062C680BDD0071ABC7 /* Base */ = {isa = PBXFileReference; lastKnownFileType = file.storyboard; name = Base; path = Base.lproj/Main.storyboard; sourceTree = "<group>"; };
		3DCBA7092C680BDD0071ABC7 /* NotesTho.xcdatamodel */ = {isa = PBXFileReference; lastKnownFileType = wrapper.xcdatamodel; path = NotesTho.xcdatamodel; sourceTree = "<group>"; };
		3DCBA70B2C680BDE0071ABC7 /* Assets.xcassets */ = {isa = PBXFileReference; lastKnownFileType = folder.assetcatalog; path = Assets.xcassets; sourceTree = "<group>"; };
		3DCBA70E2C680BDE0071ABC7 /* Base */ = {isa = PBXFileReference; lastKnownFileType = file.storyboard; name = Base; path = Base.lproj/LaunchScreen.storyboard; sourceTree = "<group>"; };
		3DCBA7102C680BDE0071ABC7 /* Info.plist */ = {isa = PBXFileReference; lastKnownFileType = text.plist.xml; path = Info.plist; sourceTree = "<group>"; };
		3DCBA7152C680BDE0071ABC7 /* NotesThoTests.xctest */ = {isa = PBXFileReference; explicitFileType = wrapper.cfbundle; includeInIndex = 0; path = NotesThoTests.xctest; sourceTree = BUILT_PRODUCTS_DIR; };
		3DCBA7192C680BDE0071ABC7 /* NotesThoTests.swift */ = {isa = PBXFileReference; lastKnownFileType = sourcecode.swift; path = NotesThoTests.swift; sourceTree = "<group>"; };
		3DCBA71F2C680BDE0071ABC7 /* NotesThoUITests.xctest */ = {isa = PBXFileReference; explicitFileType = wrapper.cfbundle; includeInIndex = 0; path = NotesThoUITests.xctest; sourceTree = BUILT_PRODUCTS_DIR; };
		3DCBA7232C680BDE0071ABC7 /* NotesThoUITests.swift */ = {isa = PBXFileReference; lastKnownFileType = sourcecode.swift; path = NotesThoUITests.swift; sourceTree = "<group>"; };
		3DCBA7252C680BDE0071ABC7 /* NotesThoUITestsLaunchTests.swift */ = {isa = PBXFileReference; lastKnownFileType = sourcecode.swift; path = NotesThoUITestsLaunchTests.swift; sourceTree = "<group>"; };
/* End PBXFileReference section */

/* Begin PBXFrameworksBuildPhase section */
		3DCBA6F92C680BDD0071ABC7 /* Frameworks */ = {
			isa = PBXFrameworksBuildPhase;
			buildActionMask = 2147483647;
			files = (
			);
			runOnlyForDeploymentPostprocessing = 0;
		};
		3DCBA7122C680BDE0071ABC7 /* Frameworks */ = {
			isa = PBXFrameworksBuildPhase;
			buildActionMask = 2147483647;
			files = (
			);
			runOnlyForDeploymentPostprocessing = 0;
		};
		3DCBA71C2C680BDE0071ABC7 /* Frameworks */ = {
			isa = PBXFrameworksBuildPhase;
			buildActionMask = 2147483647;
			files = (
			);
			runOnlyForDeploymentPostprocessing = 0;
		};
/* End PBXFrameworksBuildPhase section */

/* Begin PBXGroup section */
		3DCBA6F32C680BDC0071ABC7 = {
			isa = PBXGroup;
			children = (
				3DCBA6FE2C680BDD0071ABC7 /* NotesTho */,
				3DCBA7182C680BDE0071ABC7 /* NotesThoTests */,
				3DCBA7222C680BDE0071ABC7 /* NotesThoUITests */,
				3DCBA6FD2C680BDD0071ABC7 /* Products */,
			);
			sourceTree = "<group>";
		};
		3DCBA6FD2C680BDD0071ABC7 /* Products */ = {
			isa = PBXGroup;
			children = (
				3DCBA6FC2C680BDD0071ABC7 /* NotesTho.app */,
				3DCBA7152C680BDE0071ABC7 /* NotesThoTests.xctest */,
				3DCBA71F2C680BDE0071ABC7 /* NotesThoUITests.xctest */,
			);
			name = Products;
			sourceTree = "<group>";
		};
		3DCBA6FE2C680BDD0071ABC7 /* NotesTho */ = {
			isa = PBXGroup;
			children = (
				3DCBA6FF2C680BDD0071ABC7 /* AppDelegate.swift */,
				3DCBA7012C680BDD0071ABC7 /* SceneDelegate.swift */,
				3DCBA7032C680BDD0071ABC7 /* ViewController.swift */,
				3DCBA7052C680BDD0071ABC7 /* Main.storyboard */,
				3DCBA70B2C680BDE0071ABC7 /* Assets.xcassets */,
				3DCBA70D2C680BDE0071ABC7 /* LaunchScreen.storyboard */,
				3DCBA7102C680BDE0071ABC7 /* Info.plist */,
				3DCBA7082C680BDD0071ABC7 /* NotesTho.xcdatamodeld */,
			);
			path = NotesTho;
			sourceTree = "<group>";
		};
		3DCBA7182C680BDE0071ABC7 /* NotesThoTests */ = {
			isa = PBXGroup;
			children = (
				3DCBA7192C680BDE0071ABC7 /* NotesThoTests.swift */,
			);
			path = NotesThoTests;
			sourceTree = "<group>";
		};
		3DCBA7222C680BDE0071ABC7 /* NotesThoUITests */ = {
			isa = PBXGroup;
			children = (
				3DCBA7232C680BDE0071ABC7 /* NotesThoUITests.swift */,
				3DCBA7252C680BDE0071ABC7 /* NotesThoUITestsLaunchTests.swift */,
			);
			path = NotesThoUITests;
			sourceTree = "<group>";
		};
/* End PBXGroup section */

/* Begin PBXNativeTarget section */
		3DCBA6FB2C680BDD0071ABC7 /* NotesTho */ = {
			isa = PBXNativeTarget;
			buildConfigurationList = 3DCBA7292C680BDE0071ABC7 /* Build configuration list for PBXNativeTarget "NotesTho" */;
			buildPhases = (
				3DCBA6F82C680BDD0071ABC7 /* Sources */,
				3DCBA6F92C680BDD0071ABC7 /* Frameworks */,
				3DCBA6FA2C680BDD0071ABC7 /* Resources */,
			);
			buildRules = (
			);
			dependencies = (
			);
			name = NotesTho;
			productName = NotesTho;
			productReference = 3DCBA6FC2C680BDD0071ABC7 /* NotesTho.app */;
			productType = "com.apple.product-type.application";
		};
		3DCBA7142C680BDE0071ABC7 /* NotesThoTests */ = {
			isa = PBXNativeTarget;
			buildConfigurationList = 3DCBA72C2C680BDE0071ABC7 /* Build configuration list for PBXNativeTarget "NotesThoTests" */;
			buildPhases = (
				3DCBA7112C680BDE0071ABC7 /* Sources */,
				3DCBA7122C680BDE0071ABC7 /* Frameworks */,
				3DCBA7132C680BDE0071ABC7 /* Resources */,
			);
			buildRules = (
			);
			dependencies = (
				3DCBA7172C680BDE0071ABC7 /* PBXTargetDependency */,
			);
			name = NotesThoTests;
			productName = NotesThoTests;
			productReference = 3DCBA7152C680BDE0071ABC7 /* NotesThoTests.xctest */;
			productType = "com.apple.product-type.bundle.unit-test";
		};
		3DCBA71E2C680BDE0071ABC7 /* NotesThoUITests */ = {
			isa = PBXNativeTarget;
			buildConfigurationList = 3DCBA72F2C680BDE0071ABC7 /* Build configuration list for PBXNativeTarget "NotesThoUITests" */;
			buildPhases = (
				3DCBA71B2C680BDE0071ABC7 /* Sources */,
				3DCBA71C2C680BDE0071ABC7 /* Frameworks */,
				3DCBA71D2C680BDE0071ABC7 /* Resources */,
			);
			buildRules = (
			);
			dependencies = (
				3DCBA7212C680BDE0071ABC7 /* PBXTargetDependency */,
			);
			name = NotesThoUITests;
			productName = NotesThoUITests;
			productReference = 3DCBA71F2C680BDE0071ABC7 /* NotesThoUITests.xctest */;
			productType = "com.apple.product-type.bundle.ui-testing";
		};
/* End PBXNativeTarget section */

/* Begin PBXProject section */
		3DCBA6F42C680BDC0071ABC7 /* Project object */ = {
			isa = PBXProject;
			attributes = {
				BuildIndependentTargetsInParallel = 1;
				LastSwiftUpdateCheck = 1540;
				LastUpgradeCheck = 1540;
				TargetAttributes = {
					3DCBA6FB2C680BDD0071ABC7 = {
						CreatedOnToolsVersion = 15.4;
					};
					3DCBA7142C680BDE0071ABC7 = {
						CreatedOnToolsVersion = 15.4;
						TestTargetID = 3DCBA6FB2C680BDD0071ABC7;
					};
					3DCBA71E2C680BDE0071ABC7 = {
						CreatedOnToolsVersion = 15.4;
						TestTargetID = 3DCBA6FB2C680BDD0071ABC7;
					};
				};
			};
			buildConfigurationList = 3DCBA6F72C680BDC0071ABC7 /* Build configuration list for PBXProject "NotesTho" */;
			compatibilityVersion = "Xcode 14.0";
			developmentRegion = en;
			hasScannedForEncodings = 0;
			knownRegions = (
				en,
				Base,
			);
			mainGroup = 3DCBA6F32C680BDC0071ABC7;
			productRefGroup = 3DCBA6FD2C680BDD0071ABC7 /* Products */;
			projectDirPath = "";
			projectRoot = "";
			targets = (
				3DCBA6FB2C680BDD0071ABC7 /* NotesTho */,
				3DCBA7142C680BDE0071ABC7 /* NotesThoTests */,
				3DCBA71E2C680BDE0071ABC7 /* NotesThoUITests */,
			);
		};
/* End PBXProject section */

/* Begin PBXResourcesBuildPhase section */
		3DCBA6FA2C680BDD0071ABC7 /* Resources */ = {
			isa = PBXResourcesBuildPhase;
			buildActionMask = 2147483647;
			files = (
				3DCBA70C2C680BDE0071ABC7 /* Assets.xcassets in Resources */,
				3DCBA70F2C680BDE0071ABC7 /* Base in Resources */,
				3DCBA7072C680BDD0071ABC7 /* Base in Resources */,
			);
			runOnlyForDeploymentPostprocessing = 0;
		};
		3DCBA7132C680BDE0071ABC7 /* Resources */ = {
			isa = PBXResourcesBuildPhase;
			buildActionMask = 2147483647;
			files = (
			);
			runOnlyForDeploymentPostprocessing = 0;
		};
		3DCBA71D2C680BDE0071ABC7 /* Resources */ = {
			isa = PBXResourcesBuildPhase;
			buildActionMask = 2147483647;
			files = (
			);
			runOnlyForDeploymentPostprocessing = 0;
		};
/* End PBXResourcesBuildPhase section */

/* Begin PBXSourcesBuildPhase section */
		3DCBA6F82C680BDD0071ABC7 /* Sources */ = {
			isa = PBXSourcesBuildPhase;
			buildActionMask = 2147483647;
			files = (
				3DCBA7042C680BDD0071ABC7 /* ViewController.swift in Sources */,
				3DCBA70A2C680BDD0071ABC7 /* NotesTho.xcdatamodeld in Sources */,
				3DCBA7002C680BDD0071ABC7 /* AppDelegate.swift in Sources */,
				3DCBA7022C680BDD0071ABC7 /* SceneDelegate.swift in Sources */,
			);
			runOnlyForDeploymentPostprocessing = 0;
		};
		3DCBA7112C680BDE0071ABC7 /* Sources */ = {
			isa = PBXSourcesBuildPhase;
			buildActionMask = 2147483647;
			files = (
				3DCBA71A2C680BDE0071ABC7 /* NotesThoTests.swift in Sources */,
			);
			runOnlyForDeploymentPostprocessing = 0;
		};
		3DCBA71B2C680BDE0071ABC7 /* Sources */ = {
			isa = PBXSourcesBuildPhase;
			buildActionMask = 2147483647;
			files = (
				3DCBA7262C680BDE0071ABC7 /* NotesThoUITestsLaunchTests.swift in Sources */,
				3DCBA7242C680BDE0071ABC7 /* NotesThoUITests.swift in Sources */,
			);
			runOnlyForDeploymentPostprocessing = 0;
		};
/* End PBXSourcesBuildPhase section */

/* Begin PBXTargetDependency section */
		3DCBA7172C680BDE0071ABC7 /* PBXTargetDependency */ = {
			isa = PBXTargetDependency;
			target = 3DCBA6FB2C680BDD0071ABC7 /* NotesTho */;
			targetProxy = 3DCBA7162C680BDE0071ABC7 /* PBXContainerItemProxy */;
		};
		3DCBA7212C680BDE0071ABC7 /* PBXTargetDependency */ = {
			isa = PBXTargetDependency;
			target = 3DCBA6FB2C680BDD0071ABC7 /* NotesTho */;
			targetProxy = 3DCBA7202C680BDE0071ABC7 /* PBXContainerItemProxy */;
		};
/* End PBXTargetDependency section */

/* Begin PBXVariantGroup section */
		3DCBA7052C680BDD0071ABC7 /* Main.storyboard */ = {
			isa = PBXVariantGroup;
			children = (
				3DCBA7062C680BDD0071ABC7 /* Base */,
			);
			name = Main.storyboard;
			sourceTree = "<group>";
		};
		3DCBA70D2C680BDE0071ABC7 /* LaunchScreen.storyboard */ = {
			isa = PBXVariantGroup;
			children = (
				3DCBA70E2C680BDE0071ABC7 /* Base */,
			);
			name = LaunchScreen.storyboard;
			sourceTree = "<group>";
		};
/* End PBXVariantGroup section */

/* Begin XCBuildConfiguration section */
		3DCBA7272C680BDE0071ABC7 /* Debug */ = {
			isa = XCBuildConfiguration;
			buildSettings = {
				ALWAYS_SEARCH_USER_PATHS = NO;
				ASSETCATALOG_COMPILER_GENERATE_SWIFT_ASSET_SYMBOL_EXTENSIONS = YES;
				CLANG_ANALYZER_NONNULL = YES;
				CLANG_ANALYZER_NUMBER_OBJECT_CONVERSION = YES_AGGRESSIVE;
				CLANG_CXX_LANGUAGE_STANDARD = "gnu++20";
				CLANG_ENABLE_MODULES = YES;
				CLANG_ENABLE_OBJC_ARC = YES;
				CLANG_ENABLE_OBJC_WEAK = YES;
				CLANG_WARN_BLOCK_CAPTURE_AUTORELEASING = YES;
				CLANG_WARN_BOOL_CONVERSION = YES;
				CLANG_WARN_COMMA = YES;
				CLANG_WARN_CONSTANT_CONVERSION = YES;
				CLANG_WARN_DEPRECATED_OBJC_IMPLEMENTATIONS = YES;
				CLANG_WARN_DIRECT_OBJC_ISA_USAGE = YES_ERROR;
				CLANG_WARN_DOCUMENTATION_COMMENTS = YES;
				CLANG_WARN_EMPTY_BODY = YES;
				CLANG_WARN_ENUM_CONVERSION = YES;
				CLANG_WARN_INFINITE_RECURSION = YES;
				CLANG_WARN_INT_CONVERSION = YES;
				CLANG_WARN_NON_LITERAL_NULL_CONVERSION = YES;
				CLANG_WARN_OBJC_IMPLICIT_RETAIN_SELF = YES;
				CLANG_WARN_OBJC_LITERAL_CONVERSION = YES;
				CLANG_WARN_OBJC_ROOT_CLASS = YES_ERROR;
				CLANG_WARN_QUOTED_INCLUDE_IN_FRAMEWORK_HEADER = YES;
				CLANG_WARN_RANGE_LOOP_ANALYSIS = YES;
				CLANG_WARN_STRICT_PROTOTYPES = YES;
				CLANG_WARN_SUSPICIOUS_MOVE = YES;
				CLANG_WARN_UNGUARDED_AVAILABILITY = YES_AGGRESSIVE;
				CLANG_WARN_UNREACHABLE_CODE = YES;
				CLANG_WARN__DUPLICATE_METHOD_MATCH = YES;
				COPY_PHASE_STRIP = NO;
				DEBUG_INFORMATION_FORMAT = dwarf;
				ENABLE_STRICT_OBJC_MSGSEND = YES;
				ENABLE_TESTABILITY = YES;
				ENABLE_USER_SCRIPT_SANDBOXING = YES;
				GCC_C_LANGUAGE_STANDARD = gnu17;
				GCC_DYNAMIC_NO_PIC = NO;
				GCC_NO_COMMON_BLOCKS = YES;
				GCC_OPTIMIZATION_LEVEL = 0;
				GCC_PREPROCESSOR_DEFINITIONS = (
					"DEBUG=1",
					"$(inherited)",
				);
				GCC_WARN_64_TO_32_BIT_CONVERSION = YES;
				GCC_WARN_ABOUT_RETURN_TYPE = YES_ERROR;
				GCC_WARN_UNDECLARED_SELECTOR = YES;
				GCC_WARN_UNINITIALIZED_AUTOS = YES_AGGRESSIVE;
				GCC_WARN_UNUSED_FUNCTION = YES;
				GCC_WARN_UNUSED_VARIABLE = YES;
				IPHONEOS_DEPLOYMENT_TARGET = 17.5;
				LOCALIZATION_PREFERS_STRING_CATALOGS = YES;
				MTL_ENABLE_DEBUG_INFO = INCLUDE_SOURCE;
				MTL_FAST_MATH = YES;
				ONLY_ACTIVE_ARCH = YES;
				SDKROOT = iphoneos;
				SWIFT_ACTIVE_COMPILATION_CONDITIONS = "DEBUG $(inherited)";
				SWIFT_OPTIMIZATION_LEVEL = "-Onone";
			};
			name = Debug;
		};
		3DCBA7282C680BDE0071ABC7 /* Release */ = {
			isa = XCBuildConfiguration;
			buildSettings = {
				ALWAYS_SEARCH_USER_PATHS = NO;
				ASSETCATALOG_COMPILER_GENERATE_SWIFT_ASSET_SYMBOL_EXTENSIONS = YES;
				CLANG_ANALYZER_NONNULL = YES;
				CLANG_ANALYZER_NUMBER_OBJECT_CONVERSION = YES_AGGRESSIVE;
				CLANG_CXX_LANGUAGE_STANDARD = "gnu++20";
				CLANG_ENABLE_MODULES = YES;
				CLANG_ENABLE_OBJC_ARC = YES;
				CLANG_ENABLE_OBJC_WEAK = YES;
				CLANG_WARN_BLOCK_CAPTURE_AUTORELEASING = YES;
				CLANG_WARN_BOOL_CONVERSION = YES;
				CLANG_WARN_COMMA = YES;
				CLANG_WARN_CONSTANT_CONVERSION = YES;
				CLANG_WARN_DEPRECATED_OBJC_IMPLEMENTATIONS = YES;
				CLANG_WARN_DIRECT_OBJC_ISA_USAGE = YES_ERROR;
				CLANG_WARN_DOCUMENTATION_COMMENTS = YES;
				CLANG_WARN_EMPTY_BODY = YES;
				CLANG_WARN_ENUM_CONVERSION = YES;
				CLANG_WARN_INFINITE_RECURSION = YES;
				CLANG_WARN_INT_CONVERSION = YES;
				CLANG_WARN_NON_LITERAL_NULL_CONVERSION = YES;
				CLANG_WARN_OBJC_IMPLICIT_RETAIN_SELF = YES;
				CLANG_WARN_OBJC_LITERAL_CONVERSION = YES;
				CLANG_WARN_OBJC_ROOT_CLASS = YES_ERROR;
				CLANG_WARN_QUOTED_INCLUDE_IN_FRAMEWORK_HEADER = YES;
				CLANG_WARN_RANGE_LOOP_ANALYSIS = YES;
				CLANG_WARN_STRICT_PROTOTYPES = YES;
				CLANG_WARN_SUSPICIOUS_MOVE = YES;
				CLANG_WARN_UNGUARDED_AVAILABILITY = YES_AGGRESSIVE;
				CLANG_WARN_UNREACHABLE_CODE = YES;
				CLANG_WARN__DUPLICATE_METHOD_MATCH = YES;
				COPY_PHASE_STRIP = NO;
				DEBUG_INFORMATION_FORMAT = "dwarf-with-dsym";
				ENABLE_NS_ASSERTIONS = NO;
				ENABLE_STRICT_OBJC_MSGSEND = YES;
				ENABLE_USER_SCRIPT_SANDBOXING = YES;
				GCC_C_LANGUAGE_STANDARD = gnu17;
				GCC_NO_COMMON_BLOCKS = YES;
				GCC_WARN_64_TO_32_BIT_CONVERSION = YES;
				GCC_WARN_ABOUT_RETURN_TYPE = YES_ERROR;
				GCC_WARN_UNDECLARED_SELECTOR = YES;
				GCC_WARN_UNINITIALIZED_AUTOS = YES_AGGRESSIVE;
				GCC_WARN_UNUSED_FUNCTION = YES;
				GCC_WARN_UNUSED_VARIABLE = YES;
				IPHONEOS_DEPLOYMENT_TARGET = 17.5;
				LOCALIZATION_PREFERS_STRING_CATALOGS = YES;
				MTL_ENABLE_DEBUG_INFO = NO;
				MTL_FAST_MATH = YES;
				SDKROOT = iphoneos;
				SWIFT_COMPILATION_MODE = wholemodule;
				VALIDATE_PRODUCT = YES;
			};
			name = Release;
		};
		3DCBA72A2C680BDE0071ABC7 /* Debug */ = {
			isa = XCBuildConfiguration;
			buildSettings = {
				ASSETCATALOG_COMPILER_APPICON_NAME = AppIcon;
				ASSETCATALOG_COMPILER_GLOBAL_ACCENT_COLOR_NAME = AccentColor;
				CODE_SIGN_STYLE = Automatic;
				CURRENT_PROJECT_VERSION = 1;
				GENERATE_INFOPLIST_FILE = YES;
				INFOPLIST_FILE = NotesTho/Info.plist;
				INFOPLIST_KEY_UIApplicationSupportsIndirectInputEvents = YES;
				INFOPLIST_KEY_UILaunchStoryboardName = LaunchScreen;
				INFOPLIST_KEY_UIMainStoryboardFile = Main;
				INFOPLIST_KEY_UISupportedInterfaceOrientations_iPad = "UIInterfaceOrientationPortrait UIInterfaceOrientationPortraitUpsideDown UIInterfaceOrientationLandscapeLeft UIInterfaceOrientationLandscapeRight";
				INFOPLIST_KEY_UISupportedInterfaceOrientations_iPhone = "UIInterfaceOrientationPortrait UIInterfaceOrientationLandscapeLeft UIInterfaceOrientationLandscapeRight";
				LD_RUNPATH_SEARCH_PATHS = (
					"$(inherited)",
					"@executable_path/Frameworks",
				);
				MARKETING_VERSION = 1.0;
				PRODUCT_BUNDLE_IDENTIFIER = "-.NotesTho";
				PRODUCT_NAME = "$(TARGET_NAME)";
				SWIFT_EMIT_LOC_STRINGS = YES;
				SWIFT_VERSION = 5.0;
				TARGETED_DEVICE_FAMILY = "1,2";
			};
			name = Debug;
		};
		3DCBA72B2C680BDE0071ABC7 /* Release */ = {
			isa = XCBuildConfiguration;
			buildSettings = {
				ASSETCATALOG_COMPILER_APPICON_NAME = AppIcon;
				ASSETCATALOG_COMPILER_GLOBAL_ACCENT_COLOR_NAME = AccentColor;
				CODE_SIGN_STYLE = Automatic;
				CURRENT_PROJECT_VERSION = 1;
				GENERATE_INFOPLIST_FILE = YES;
				INFOPLIST_FILE = NotesTho/Info.plist;
				INFOPLIST_KEY_UIApplicationSupportsIndirectInputEvents = YES;
				INFOPLIST_KEY_UILaunchStoryboardName = LaunchScreen;
				INFOPLIST_KEY_UIMainStoryboardFile = Main;
				INFOPLIST_KEY_UISupportedInterfaceOrientations_iPad = "UIInterfaceOrientationPortrait UIInterfaceOrientationPortraitUpsideDown UIInterfaceOrientationLandscapeLeft UIInterfaceOrientationLandscapeRight";
				INFOPLIST_KEY_UISupportedInterfaceOrientations_iPhone = "UIInterfaceOrientationPortrait UIInterfaceOrientationLandscapeLeft UIInterfaceOrientationLandscapeRight";
				LD_RUNPATH_SEARCH_PATHS = (
					"$(inherited)",
					"@executable_path/Frameworks",
				);
				MARKETING_VERSION = 1.0;
				PRODUCT_BUNDLE_IDENTIFIER = "-.NotesTho";
				PRODUCT_NAME = "$(TARGET_NAME)";
				SWIFT_EMIT_LOC_STRINGS = YES;
				SWIFT_VERSION = 5.0;
				TARGETED_DEVICE_FAMILY = "1,2";
			};
			name = Release;
		};
		3DCBA72D2C680BDE0071ABC7 /* Debug */ = {
			isa = XCBuildConfiguration;
			buildSettings = {
				ALWAYS_EMBED_SWIFT_STANDARD_LIBRARIES = YES;
				BUNDLE_LOADER = "$(TEST_HOST)";
				CODE_SIGN_STYLE = Automatic;
				CURRENT_PROJECT_VERSION = 1;
				GENERATE_INFOPLIST_FILE = YES;
				IPHONEOS_DEPLOYMENT_TARGET = 17.5;
				MARKETING_VERSION = 1.0;
				PRODUCT_BUNDLE_IDENTIFIER = "-.NotesThoTests";
				PRODUCT_NAME = "$(TARGET_NAME)";
				SWIFT_EMIT_LOC_STRINGS = NO;
				SWIFT_VERSION = 5.0;
				TARGETED_DEVICE_FAMILY = "1,2";
				TEST_HOST = "$(BUILT_PRODUCTS_DIR)/NotesTho.app/$(BUNDLE_EXECUTABLE_FOLDER_PATH)/NotesTho";
			};
			name = Debug;
		};
		3DCBA72E2C680BDE0071ABC7 /* Release */ = {
			isa = XCBuildConfiguration;
			buildSettings = {
				ALWAYS_EMBED_SWIFT_STANDARD_LIBRARIES = YES;
				BUNDLE_LOADER = "$(TEST_HOST)";
				CODE_SIGN_STYLE = Automatic;
				CURRENT_PROJECT_VERSION = 1;
				GENERATE_INFOPLIST_FILE = YES;
				IPHONEOS_DEPLOYMENT_TARGET = 17.5;
				MARKETING_VERSION = 1.0;
				PRODUCT_BUNDLE_IDENTIFIER = "-.NotesThoTests";
				PRODUCT_NAME = "$(TARGET_NAME)";
				SWIFT_EMIT_LOC_STRINGS = NO;
				SWIFT_VERSION = 5.0;
				TARGETED_DEVICE_FAMILY = "1,2";
				TEST_HOST = "$(BUILT_PRODUCTS_DIR)/NotesTho.app/$(BUNDLE_EXECUTABLE_FOLDER_PATH)/NotesTho";
			};
			name = Release;
		};
		3DCBA7302C680BDE0071ABC7 /* Debug */ = {
			isa = XCBuildConfiguration;
			buildSettings = {
				ALWAYS_EMBED_SWIFT_STANDARD_LIBRARIES = YES;
				CODE_SIGN_STYLE = Automatic;
				CURRENT_PROJECT_VERSION = 1;
				GENERATE_INFOPLIST_FILE = YES;
				MARKETING_VERSION = 1.0;
				PRODUCT_BUNDLE_IDENTIFIER = "-.NotesThoUITests";
				PRODUCT_NAME = "$(TARGET_NAME)";
				SWIFT_EMIT_LOC_STRINGS = NO;
				SWIFT_VERSION = 5.0;
				TARGETED_DEVICE_FAMILY = "1,2";
				TEST_TARGET_NAME = NotesTho;
			};
			name = Debug;
		};
		3DCBA7312C680BDE0071ABC7 /* Release */ = {
			isa = XCBuildConfiguration;
			buildSettings = {
				ALWAYS_EMBED_SWIFT_STANDARD_LIBRARIES = YES;
				CODE_SIGN_STYLE = Automatic;
				CURRENT_PROJECT_VERSION = 1;
				GENERATE_INFOPLIST_FILE = YES;
				MARKETING_VERSION = 1.0;
				PRODUCT_BUNDLE_IDENTIFIER = "-.NotesThoUITests";
				PRODUCT_NAME = "$(TARGET_NAME)";
				SWIFT_EMIT_LOC_STRINGS = NO;
				SWIFT_VERSION = 5.0;
				TARGETED_DEVICE_FAMILY = "1,2";
				TEST_TARGET_NAME = NotesTho;
			};
			name = Release;
		};
/* End XCBuildConfiguration section */

/* Begin XCConfigurationList section */
		3DCBA6F72C680BDC0071ABC7 /* Build configuration list for PBXProject "NotesTho" */ = {
			isa = XCConfigurationList;
			buildConfigurations = (
				3DCBA7272C680BDE0071ABC7 /* Debug */,
				3DCBA7282C680BDE0071ABC7 /* Release */,
			);
			defaultConfigurationIsVisible = 0;
			defaultConfigurationName = Release;
		};
		3DCBA7292C680BDE0071ABC7 /* Build configuration list for PBXNativeTarget "NotesTho" */ = {
			isa = XCConfigurationList;
			buildConfigurations = (
				3DCBA72A2C680BDE0071ABC7 /* Debug */,
				3DCBA72B2C680BDE0071ABC7 /* Release */,
			);
			defaultConfigurationIsVisible = 0;
			defaultConfigurationName = Release;
		};
		3DCBA72C2C680BDE0071ABC7 /* Build configuration list for PBXNativeTarget "NotesThoTests" */ = {
			isa = XCConfigurationList;
			buildConfigurations = (
				3DCBA72D2C680BDE0071ABC7 /* Debug */,
				3DCBA72E2C680BDE0071ABC7 /* Release */,
			);
			defaultConfigurationIsVisible = 0;
			defaultConfigurationName = Release;
		};
		3DCBA72F2C680BDE0071ABC7 /* Build configuration list for PBXNativeTarget "NotesThoUITests" */ = {
			isa = XCConfigurationList;
			buildConfigurations = (
				3DCBA7302C680BDE0071ABC7 /* Debug */,
				3DCBA7312C680BDE0071ABC7 /* Release */,
			);
			defaultConfigurationIsVisible = 0;
			defaultConfigurationName = Release;
		};
/* End XCConfigurationList section */

/* Begin XCVersionGroup section */
		3DCBA7082C680BDD0071ABC7 /* NotesTho.xcdatamodeld */ = {
			isa = XCVersionGroup;
			children = (
				3DCBA7092C680BDD0071ABC7 /* NotesTho.xcdatamodel */,
			);
			currentVersion = 3DCBA7092C680BDD0071ABC7 /* NotesTho.xcdatamodel */;
			path = NotesTho.xcdatamodeld;
			sourceTree = "<group>";
			versionGroupType = wrapper.xcdatamodel;
		};
/* End XCVersionGroup section */
	};
	rootObject = 3DCBA6F42C680BDC0071ABC7 /* Project object */;
}
